
Microsoft Visual Studio Solution File, Format Version 12.00
# Visual Studio Version 17
VisualStudioVersion = 17.7.34003.232
MinimumVisualStudioVersion = 10.0.40219.1
Project("{9A19103F-16F7-4668-BE54-9A1E7A4F7556}") = "FlatStage", "FlatStage\FlatStage.csproj", "{BB4AC731-56FB-499E-9034-2FFC1ABD3B99}"
EndProject
Project("{9A19103F-16F7-4668-BE54-9A1E7A4F7556}") = "FlatStage.Tutorials", "FlatStage.Tutorials\FlatStage.Tutorials.csproj", "{5C935D02-DEF1-4FF3-940F-1A24EABF083B}"
EndProject
Project("{9A19103F-16F7-4668-BE54-9A1E7A4F7556}") = "FlatStage.Editor", "FlatStage.Editor\FlatStage.Editor.csproj", "{E2B04419-892F-4FC8-983C-78B65EDE68D2}"
EndProject
Project("{2150E333-8FDC-42A3-9474-1A3956D46DE8}") = "Demos", "Demos", "{95FB25E7-8B53-49C6-852E-D8538F8B71FA}"
EndProject
Project("{9A19103F-16F7-4668-BE54-9A1E7A4F7556}") = "FlatStage.Demos.Tetris", "FlatStage.Demos.Tetris\FlatStage.Demos.Tetris.csproj", "{42C34973-2E57-461E-859A-C41B12CD07D7}"
EndProject
Project("{2150E333-8FDC-42A3-9474-1A3956D46DE8}") = "Solution Items", "Solution Items", "{7858F489-19DE-4FD4-8E44-83155214C856}"
	ProjectSection(SolutionItems) = preProject
		.editorconfig = .editorconfig
	EndProjectSection
EndProject
Global
	GlobalSection(SolutionConfigurationPlatforms) = preSolution
		Debug|Any CPU = Debug|Any CPU
		Release|Any CPU = Release|Any CPU
	EndGlobalSection
	GlobalSection(ProjectConfigurationPlatforms) = postSolution
		{BB4AC731-56FB-499E-9034-2FFC1ABD3B99}.Debug|Any CPU.ActiveCfg = Debug|Any CPU
		{BB4AC731-56FB-499E-9034-2FFC1ABD3B99}.Debug|Any CPU.Build.0 = Debug|Any CPU
		{BB4AC731-56FB-499E-9034-2FFC1ABD3B99}.Release|Any CPU.ActiveCfg = Release|Any CPU
		{BB4AC731-56FB-499E-9034-2FFC1ABD3B99}.Release|Any CPU.Build.0 = Release|Any CPU
		{5C935D02-DEF1-4FF3-940F-1A24EABF083B}.Debug|Any CPU.ActiveCfg = Debug|Any CPU
		{5C935D02-DEF1-4FF3-940F-1A24EABF083B}.Debug|Any CPU.Build.0 = Debug|Any CPU
		{5C935D02-DEF1-4FF3-940F-1A24EABF083B}.Release|Any CPU.ActiveCfg = Release|Any CPU
		{5C935D02-DEF1-4FF3-940F-1A24EABF083B}.Release|Any CPU.Build.0 = Release|Any CPU
		{E2B04419-892F-4FC8-983C-78B65EDE68D2}.Debug|Any CPU.ActiveCfg = Debug|Any CPU
		{E2B04419-892F-4FC8-983C-78B65EDE68D2}.Debug|Any CPU.Build.0 = Debug|Any CPU
		{E2B04419-892F-4FC8-983C-78B65EDE68D2}.Release|Any CPU.ActiveCfg = Release|Any CPU
		{E2B04419-892F-4FC8-983C-78B65EDE68D2}.Release|Any CPU.Build.0 = Release|Any CPU
		{42C34973-2E57-461E-859A-C41B12CD07D7}.Debug|Any CPU.ActiveCfg = Debug|Any CPU
		{42C34973-2E57-461E-859A-C41B12CD07D7}.Debug|Any CPU.Build.0 = Debug|Any CPU
		{42C34973-2E57-461E-859A-C41B12CD07D7}.Release|Any CPU.ActiveCfg = Release|Any CPU
		{42C34973-2E57-461E-859A-C41B12CD07D7}.Release|Any CPU.Build.0 = Release|Any CPU
	EndGlobalSection
	GlobalSection(SolutionProperties) = preSolution
		HideSolutionNode = FALSE
	EndGlobalSection
	GlobalSection(NestedProjects) = preSolution
		{42C34973-2E57-461E-859A-C41B12CD07D7} = {95FB25E7-8B53-49C6-852E-D8538F8B71FA}
	EndGlobalSection
EndGlobal
