
Microsoft Visual Studio Solution File, Format Version 12.00
# Visual Studio Version 17
VisualStudioVersion = 17.7.34003.232
MinimumVisualStudioVersion = 10.0.40219.1
Project("{2150E333-8FDC-42A3-9474-1A3956D46DE8}") = "Games", "Games", "{95FB25E7-8B53-49C6-852E-D8538F8B71FA}"
EndProject
Project("{9A19103F-16F7-4668-BE54-9A1E7A4F7556}") = "FlatStage.Games.Tetris", "FlatStage.Games.Tetris\FlatStage.Games.Tetris.csproj", "{42C34973-2E57-461E-859A-C41B12CD07D7}"
EndProject
Project("{FAE04EC0-301F-11D3-BF4B-00C04F79EFBC}") = "FlatStage.CLI", "FlatStage.CLI\FlatStage.CLI.csproj", "{4FCF1CAE-9B7A-436E-BDDA-139BA3CE5BC8}"
EndProject
Project("{FAE04EC0-301F-11D3-BF4B-00C04F79EFBC}") = "FlatStage.Core", "FlatStage.Core\FlatStage.Core.csproj", "{B469EFFB-27B4-4D76-BF6B-5BA00D906A54}"
EndProject
Project("{FAE04EC0-301F-11D3-BF4B-00C04F79EFBC}") = "FlatStage.Toolkit", "FlatStage.Toolkit\FlatStage.Toolkit.csproj", "{B28862AB-1A8D-4819-A640-63F1825DF888}"
EndProject
Project("{FAE04EC0-301F-11D3-BF4B-00C04F79EFBC}") = "FlatStage.Demos", "FlatStage.Demos\FlatStage.Demos.csproj", "{9AA992FA-55B4-43E1-BD27-A9A373164934}"
EndProject
Project("{FAE04EC0-301F-11D3-BF4B-00C04F79EFBC}") = "FlatStage.GameTemplate", "FlatStage.GameTemplate\FlatStage.GameTemplate.csproj", "{718D87D0-F67F-40CA-A9AC-B701E360F3FC}"
EndProject
Project("{FAE04EC0-301F-11D3-BF4B-00C04F79EFBC}") = "FlatStage.AssetPipeline", "FlatStage.AssetPipeline\FlatStage.AssetPipeline.csproj", "{590FC3F0-5473-4BC1-8723-8F20670D98C6}"
EndProject
Project("{FAE04EC0-301F-11D3-BF4B-00C04F79EFBC}") = "FlatStage.Common", "FlatStage.Common\FlatStage.Common.csproj", "{4DB017A0-5E8F-41C3-9B79-92752529B3F8}"
EndProject
Project("{2150E333-8FDC-42A3-9474-1A3956D46DE8}") = "BGFX", "BGFX", "{6532450C-917A-4E18-A062-75A690E3C7FF}"
EndProject
Project("{FAE04EC0-301F-11D3-BF4B-00C04F79EFBC}") = "BGFX_CS", "BGFX_CS\BGFX_CS\BGFX_CS.csproj", "{FF0E79AD-9285-414A-9926-DBD5678038FE}"
EndProject
Global
	GlobalSection(SolutionConfigurationPlatforms) = preSolution
		Debug|Any CPU = Debug|Any CPU
		Release|Any CPU = Release|Any CPU
	EndGlobalSection
	GlobalSection(ProjectConfigurationPlatforms) = postSolution
		{42C34973-2E57-461E-859A-C41B12CD07D7}.Debug|Any CPU.ActiveCfg = Debug|Any CPU
		{42C34973-2E57-461E-859A-C41B12CD07D7}.Debug|Any CPU.Build.0 = Debug|Any CPU
		{42C34973-2E57-461E-859A-C41B12CD07D7}.Release|Any CPU.ActiveCfg = Release|Any CPU
		{42C34973-2E57-461E-859A-C41B12CD07D7}.Release|Any CPU.Build.0 = Release|Any CPU
		{4FCF1CAE-9B7A-436E-BDDA-139BA3CE5BC8}.Debug|Any CPU.ActiveCfg = Debug|Any CPU
		{4FCF1CAE-9B7A-436E-BDDA-139BA3CE5BC8}.Debug|Any CPU.Build.0 = Debug|Any CPU
		{4FCF1CAE-9B7A-436E-BDDA-139BA3CE5BC8}.Release|Any CPU.ActiveCfg = Release|Any CPU
		{4FCF1CAE-9B7A-436E-BDDA-139BA3CE5BC8}.Release|Any CPU.Build.0 = Release|Any CPU
		{B469EFFB-27B4-4D76-BF6B-5BA00D906A54}.Debug|Any CPU.ActiveCfg = Debug|Any CPU
		{B469EFFB-27B4-4D76-BF6B-5BA00D906A54}.Debug|Any CPU.Build.0 = Debug|Any CPU
		{B469EFFB-27B4-4D76-BF6B-5BA00D906A54}.Release|Any CPU.ActiveCfg = Release|Any CPU
		{B469EFFB-27B4-4D76-BF6B-5BA00D906A54}.Release|Any CPU.Build.0 = Release|Any CPU
		{B28862AB-1A8D-4819-A640-63F1825DF888}.Debug|Any CPU.ActiveCfg = Debug|Any CPU
		{B28862AB-1A8D-4819-A640-63F1825DF888}.Debug|Any CPU.Build.0 = Debug|Any CPU
		{B28862AB-1A8D-4819-A640-63F1825DF888}.Release|Any CPU.ActiveCfg = Release|Any CPU
		{B28862AB-1A8D-4819-A640-63F1825DF888}.Release|Any CPU.Build.0 = Release|Any CPU
		{9AA992FA-55B4-43E1-BD27-A9A373164934}.Debug|Any CPU.ActiveCfg = Debug|Any CPU
		{9AA992FA-55B4-43E1-BD27-A9A373164934}.Debug|Any CPU.Build.0 = Debug|Any CPU
		{9AA992FA-55B4-43E1-BD27-A9A373164934}.Release|Any CPU.ActiveCfg = Release|Any CPU
		{9AA992FA-55B4-43E1-BD27-A9A373164934}.Release|Any CPU.Build.0 = Release|Any CPU
		{718D87D0-F67F-40CA-A9AC-B701E360F3FC}.Debug|Any CPU.ActiveCfg = Debug|Any CPU
		{718D87D0-F67F-40CA-A9AC-B701E360F3FC}.Debug|Any CPU.Build.0 = Debug|Any CPU
		{718D87D0-F67F-40CA-A9AC-B701E360F3FC}.Release|Any CPU.ActiveCfg = Release|Any CPU
		{718D87D0-F67F-40CA-A9AC-B701E360F3FC}.Release|Any CPU.Build.0 = Release|Any CPU
		{590FC3F0-5473-4BC1-8723-8F20670D98C6}.Debug|Any CPU.ActiveCfg = Debug|Any CPU
		{590FC3F0-5473-4BC1-8723-8F20670D98C6}.Debug|Any CPU.Build.0 = Debug|Any CPU
		{590FC3F0-5473-4BC1-8723-8F20670D98C6}.Release|Any CPU.ActiveCfg = Release|Any CPU
		{590FC3F0-5473-4BC1-8723-8F20670D98C6}.Release|Any CPU.Build.0 = Release|Any CPU
		{4DB017A0-5E8F-41C3-9B79-92752529B3F8}.Debug|Any CPU.ActiveCfg = Debug|Any CPU
		{4DB017A0-5E8F-41C3-9B79-92752529B3F8}.Debug|Any CPU.Build.0 = Debug|Any CPU
		{4DB017A0-5E8F-41C3-9B79-92752529B3F8}.Release|Any CPU.ActiveCfg = Release|Any CPU
		{4DB017A0-5E8F-41C3-9B79-92752529B3F8}.Release|Any CPU.Build.0 = Release|Any CPU
		{FF0E79AD-9285-414A-9926-DBD5678038FE}.Debug|Any CPU.ActiveCfg = Debug|Any CPU
		{FF0E79AD-9285-414A-9926-DBD5678038FE}.Debug|Any CPU.Build.0 = Debug|Any CPU
		{FF0E79AD-9285-414A-9926-DBD5678038FE}.Release|Any CPU.ActiveCfg = Release|Any CPU
		{FF0E79AD-9285-414A-9926-DBD5678038FE}.Release|Any CPU.Build.0 = Release|Any CPU
	EndGlobalSection
	GlobalSection(SolutionProperties) = preSolution
		HideSolutionNode = FALSE
	EndGlobalSection
	GlobalSection(NestedProjects) = preSolution
		{42C34973-2E57-461E-859A-C41B12CD07D7} = {95FB25E7-8B53-49C6-852E-D8538F8B71FA}
		{FF0E79AD-9285-414A-9926-DBD5678038FE} = {6532450C-917A-4E18-A062-75A690E3C7FF}
	EndGlobalSection
	GlobalSection(ExtensibilityGlobals) = postSolution
		SolutionGuid = {67548253-3C4B-4AC3-92FD-5EB3C53BD69B}
	EndGlobalSection
EndGlobal
